<Solution>
  <Project Path="Plugins/CoreExtensions/CoreExtensions.csproj" />
  <Project Path="Plugins/PinyinAlias/PinyinAlias.csproj" />
  <Project Path="Plugins/DirectoryOpus/DirectoryOpus.csproj" />
  <Project Path="Plugins/ListSearch/ListSearch.csproj" />
  <Project Path="Plugins/Translation/Translation.csproj" />
  <Project Path="Plugins/WebSearch/WebSearch.csproj" />
  <Project Path="Plugins/AnimeThemes/AnimeThemes.csproj" />
</Solution>
